
Microsoft Visual Studio Solution File, Format Version 12.00
# Visual Studio Version 17
VisualStudioVersion = 17.0.31903.59
MinimumVisualStudioVersion = 10.0.40219.1
Project("{FAE04EC0-301F-11D3-BF4B-00C04F79EFBC}") = "SmartRAG", "src\SmartRAG\SmartRAG.csproj", "{DECA885F-8815-4A0F-A12C-30563827C255}"
EndProject
Project("{2150E333-8FDC-42A3-9474-1A3956D46DE8}") = "examples", "examples", "{A1B2C3D4-E5F6-7890-ABCD-EF1234567890}"
EndProject
Project("{FAE04EC0-301F-11D3-BF4B-00C04F79EFBC}") = "SmartRAG.API", "examples\SmartRAG.API\SmartRAG.API.csproj", "{AB314731-9015-6793-51D0-8A23F0398AEB}"
EndProject
Project("{FAE04EC0-301F-11D3-BF4B-00C04F79EFBC}") = "SmartRAG.Demo", "examples\SmartRAG.Demo\SmartRAG.Demo.csproj", "{B8C9D7E2-F3A4-5678-9012-3456789ABCDE}"
EndProject
Global
	GlobalSection(SolutionConfigurationPlatforms) = preSolution
		Debug|Any CPU = Debug|Any CPU
		Debug|x64 = Debug|x64
		Debug|x86 = Debug|x86
		Release|Any CPU = Release|Any CPU
		Release|x64 = Release|x64
		Release|x86 = Release|x86
	EndGlobalSection
	GlobalSection(ProjectConfigurationPlatforms) = postSolution
		{DECA885F-8815-4A0F-A12C-30563827C255}.Debug|Any CPU.ActiveCfg = Debug|Any CPU
		{DECA885F-8815-4A0F-A12C-30563827C255}.Debug|Any CPU.Build.0 = Debug|Any CPU
		{DECA885F-8815-4A0F-A12C-30563827C255}.Debug|x64.ActiveCfg = Debug|Any CPU
		{DECA885F-8815-4A0F-A12C-30563827C255}.Debug|x64.Build.0 = Debug|Any CPU
		{DECA885F-8815-4A0F-A12C-30563827C255}.Debug|x86.ActiveCfg = Debug|Any CPU
		{DECA885F-8815-4A0F-A12C-30563827C255}.Debug|x86.Build.0 = Debug|Any CPU
		{DECA885F-8815-4A0F-A12C-30563827C255}.Release|Any CPU.ActiveCfg = Release|Any CPU
		{DECA885F-8815-4A0F-A12C-30563827C255}.Release|Any CPU.Build.0 = Release|Any CPU
		{DECA885F-8815-4A0F-A12C-30563827C255}.Release|x64.ActiveCfg = Debug|Any CPU
		{DECA885F-8815-4A0F-A12C-30563827C255}.Release|x64.Build.0 = Debug|Any CPU
		{DECA885F-8815-4A0F-A12C-30563827C255}.Release|x86.ActiveCfg = Release|Any CPU
		{DECA885F-8815-4A0F-A12C-30563827C255}.Release|x86.Build.0 = Release|Any CPU
		{AB314731-9015-6793-51D0-8A23F0398AEB}.Debug|Any CPU.ActiveCfg = Debug|Any CPU
		{AB314731-9015-6793-51D0-8A23F0398AEB}.Debug|Any CPU.Build.0 = Debug|Any CPU
		{AB314731-9015-6793-51D0-8A23F0398AEB}.Debug|x64.ActiveCfg = Debug|Any CPU
		{AB314731-9015-6793-51D0-8A23F0398AEB}.Debug|x64.Build.0 = Debug|Any CPU
		{AB314731-9015-6793-51D0-8A23F0398AEB}.Debug|x86.ActiveCfg = Debug|Any CPU
		{AB314731-9015-6793-51D0-8A23F0398AEB}.Debug|x86.Build.0 = Debug|Any CPU
		{AB314731-9015-6793-51D0-8A23F0398AEB}.Release|Any CPU.ActiveCfg = Release|Any CPU
		{AB314731-9015-6793-51D0-8A23F0398AEB}.Release|Any CPU.Build.0 = Release|Any CPU
		{AB314731-9015-6793-51D0-8A23F0398AEB}.Release|x64.ActiveCfg = Release|Any CPU
		{AB314731-9015-6793-51D0-8A23F0398AEB}.Release|x64.Build.0 = Release|Any CPU
		{AB314731-9015-6793-51D0-8A23F0398AEB}.Release|x86.ActiveCfg = Release|Any CPU
		{AB314731-9015-6793-51D0-8A23F0398AEB}.Release|x86.Build.0 = Release|Any CPU
		{B8C9D7E2-F3A4-5678-9012-3456789ABCDE}.Debug|Any CPU.ActiveCfg = Debug|Any CPU
		{B8C9D7E2-F3A4-5678-9012-3456789ABCDE}.Debug|Any CPU.Build.0 = Debug|Any CPU
		{B8C9D7E2-F3A4-5678-9012-3456789ABCDE}.Debug|x64.ActiveCfg = Debug|Any CPU
		{B8C9D7E2-F3A4-5678-9012-3456789ABCDE}.Debug|x64.Build.0 = Debug|Any CPU
		{B8C9D7E2-F3A4-5678-9012-3456789ABCDE}.Debug|x86.ActiveCfg = Debug|Any CPU
		{B8C9D7E2-F3A4-5678-9012-3456789ABCDE}.Debug|x86.Build.0 = Debug|Any CPU
		{B8C9D7E2-F3A4-5678-9012-3456789ABCDE}.Release|Any CPU.ActiveCfg = Release|Any CPU
		{B8C9D7E2-F3A4-5678-9012-3456789ABCDE}.Release|Any CPU.Build.0 = Release|Any CPU
		{B8C9D7E2-F3A4-5678-9012-3456789ABCDE}.Release|x64.ActiveCfg = Debug|Any CPU
		{B8C9D7E2-F3A4-5678-9012-3456789ABCDE}.Release|x64.Build.0 = Debug|Any CPU
		{B8C9D7E2-F3A4-5678-9012-3456789ABCDE}.Release|x86.ActiveCfg = Release|Any CPU
		{B8C9D7E2-F3A4-5678-9012-3456789ABCDE}.Release|x86.Build.0 = Release|Any CPU
	EndGlobalSection
	GlobalSection(SolutionProperties) = preSolution
		HideSolutionNode = FALSE
	EndGlobalSection
	GlobalSection(NestedProjects) = preSolution
		{AB314731-9015-6793-51D0-8A23F0398AEB} = {A1B2C3D4-E5F6-7890-ABCD-EF1234567890}
		{B8C9D7E2-F3A4-5678-9012-3456789ABCDE} = {A1B2C3D4-E5F6-7890-ABCD-EF1234567890}
	EndGlobalSection
	GlobalSection(ExtensibilityGlobals) = postSolution
		SolutionGuid = {65702E16-EB1C-4336-A230-E8B3D1E6A71D}
	EndGlobalSection
EndGlobal
